// !$*UTF8*$!
{
	archiveVersion = 1;
	classes = {
	};
	objectVersion = 46;
	objects = {

/* Begin PBXBuildFile section */
		7E4C3C261A30EDE70009A854 /* AppDelegate.swift in Sources */ = {isa = PBXBuildFile; fileRef = 7E4C3C251A30EDE70009A854 /* AppDelegate.swift */; };
		7E4C3C281A30EDE70009A854 /* ViewController.swift in Sources */ = {isa = PBXBuildFile; fileRef = 7E4C3C271A30EDE70009A854 /* ViewController.swift */; };
		7E4C3C2A1A30EDE70009A854 /* Images.xcassets in Resources */ = {isa = PBXBuildFile; fileRef = 7E4C3C291A30EDE70009A854 /* Images.xcassets */; };
		7E4C3C2D1A30EDE70009A854 /* Main.storyboard in Resources */ = {isa = PBXBuildFile; fileRef = 7E4C3C2B1A30EDE70009A854 /* Main.storyboard */; };
		7E4C3C391A30EDE70009A854 /* NapkinTests.swift in Sources */ = {isa = PBXBuildFile; fileRef = 7E4C3C381A30EDE70009A854 /* NapkinTests.swift */; };
		7E9FF11F1AB211F80064FF5E /* UrlParser.swift in Sources */ = {isa = PBXBuildFile; fileRef = 7E9FF11E1AB211F80064FF5E /* UrlParser.swift */; };
		7E9FF1201AB211F80064FF5E /* UrlParser.swift in Sources */ = {isa = PBXBuildFile; fileRef = 7E9FF11E1AB211F80064FF5E /* UrlParser.swift */; };
		7E9FF1221AB213020064FF5E /* UrlParserTests.swift in Sources */ = {isa = PBXBuildFile; fileRef = 7E9FF1211AB213020064FF5E /* UrlParserTests.swift */; };
/* End PBXBuildFile section */

/* Begin PBXContainerItemProxy section */
		7E4C3C331A30EDE70009A854 /* PBXContainerItemProxy */ = {
			isa = PBXContainerItemProxy;
			containerPortal = 7E4C3C181A30EDE70009A854 /* Project object */;
			proxyType = 1;
			remoteGlobalIDString = 7E4C3C1F1A30EDE70009A854;
			remoteInfo = Napkin;
		};
/* End PBXContainerItemProxy section */

/* Begin PBXFileReference section */
		7E4C3C201A30EDE70009A854 /* Napkin.app */ = {isa = PBXFileReference; explicitFileType = wrapper.application; includeInIndex = 0; path = Napkin.app; sourceTree = BUILT_PRODUCTS_DIR; };
		7E4C3C241A30EDE70009A854 /* Info.plist */ = {isa = PBXFileReference; lastKnownFileType = text.plist.xml; path = Info.plist; sourceTree = "<group>"; };
		7E4C3C251A30EDE70009A854 /* AppDelegate.swift */ = {isa = PBXFileReference; lastKnownFileType = sourcecode.swift; path = AppDelegate.swift; sourceTree = "<group>"; };
		7E4C3C271A30EDE70009A854 /* ViewController.swift */ = {isa = PBXFileReference; lastKnownFileType = sourcecode.swift; path = ViewController.swift; sourceTree = "<group>"; };
		7E4C3C291A30EDE70009A854 /* Images.xcassets */ = {isa = PBXFileReference; lastKnownFileType = folder.assetcatalog; path = Images.xcassets; sourceTree = "<group>"; };
		7E4C3C2C1A30EDE70009A854 /* Base */ = {isa = PBXFileReference; lastKnownFileType = file.storyboard; name = Base; path = Base.lproj/Main.storyboard; sourceTree = "<group>"; };
		7E4C3C321A30EDE70009A854 /* NapkinTests.xctest */ = {isa = PBXFileReference; explicitFileType = wrapper.cfbundle; includeInIndex = 0; path = NapkinTests.xctest; sourceTree = BUILT_PRODUCTS_DIR; };
		7E4C3C371A30EDE70009A854 /* Info.plist */ = {isa = PBXFileReference; lastKnownFileType = text.plist.xml; path = Info.plist; sourceTree = "<group>"; };
		7E4C3C381A30EDE70009A854 /* NapkinTests.swift */ = {isa = PBXFileReference; lastKnownFileType = sourcecode.swift; path = NapkinTests.swift; sourceTree = "<group>"; };
		7E9FF11E1AB211F80064FF5E /* UrlParser.swift */ = {isa = PBXFileReference; fileEncoding = 4; lastKnownFileType = sourcecode.swift; path = UrlParser.swift; sourceTree = "<group>"; };
		7E9FF1211AB213020064FF5E /* UrlParserTests.swift */ = {isa = PBXFileReference; fileEncoding = 4; lastKnownFileType = sourcecode.swift; path = UrlParserTests.swift; sourceTree = "<group>"; };
/* End PBXFileReference section */

/* Begin PBXFrameworksBuildPhase section */
		7E4C3C1D1A30EDE70009A854 /* Frameworks */ = {
			isa = PBXFrameworksBuildPhase;
			buildActionMask = 2147483647;
			files = (
			);
			runOnlyForDeploymentPostprocessing = 0;
		};
		7E4C3C2F1A30EDE70009A854 /* Frameworks */ = {
			isa = PBXFrameworksBuildPhase;
			buildActionMask = 2147483647;
			files = (
			);
			runOnlyForDeploymentPostprocessing = 0;
		};
/* End PBXFrameworksBuildPhase section */

/* Begin PBXGroup section */
		7E4C3C171A30EDE70009A854 = {
			isa = PBXGroup;
			children = (
				7E4C3C221A30EDE70009A854 /* Napkin */,
				7E4C3C351A30EDE70009A854 /* NapkinTests */,
				7E4C3C211A30EDE70009A854 /* Products */,
			);
			sourceTree = "<group>";
		};
		7E4C3C211A30EDE70009A854 /* Products */ = {
			isa = PBXGroup;
			children = (
				7E4C3C201A30EDE70009A854 /* Napkin.app */,
				7E4C3C321A30EDE70009A854 /* NapkinTests.xctest */,
			);
			name = Products;
			sourceTree = "<group>";
		};
		7E4C3C221A30EDE70009A854 /* Napkin */ = {
			isa = PBXGroup;
			children = (
				7E9FF11D1AB211BE0064FF5E /* Parsing */,
				7E4C3C251A30EDE70009A854 /* AppDelegate.swift */,
				7E4C3C271A30EDE70009A854 /* ViewController.swift */,
				7E4C3C291A30EDE70009A854 /* Images.xcassets */,
				7E4C3C2B1A30EDE70009A854 /* Main.storyboard */,
				7E4C3C231A30EDE70009A854 /* Supporting Files */,
			);
			path = Napkin;
			sourceTree = "<group>";
		};
		7E4C3C231A30EDE70009A854 /* Supporting Files */ = {
			isa = PBXGroup;
			children = (
				7E4C3C241A30EDE70009A854 /* Info.plist */,
			);
			name = "Supporting Files";
			sourceTree = "<group>";
		};
		7E4C3C351A30EDE70009A854 /* NapkinTests */ = {
			isa = PBXGroup;
			children = (
				7E4C3C381A30EDE70009A854 /* NapkinTests.swift */,
				7E4C3C361A30EDE70009A854 /* Supporting Files */,
				7E9FF1211AB213020064FF5E /* UrlParserTests.swift */,
			);
			path = NapkinTests;
			sourceTree = "<group>";
		};
		7E4C3C361A30EDE70009A854 /* Supporting Files */ = {
			isa = PBXGroup;
			children = (
				7E4C3C371A30EDE70009A854 /* Info.plist */,
			);
			name = "Supporting Files";
			sourceTree = "<group>";
		};
		7E9FF11D1AB211BE0064FF5E /* Parsing */ = {
			isa = PBXGroup;
			children = (
				7E9FF11E1AB211F80064FF5E /* UrlParser.swift */,
			);
			name = Parsing;
			sourceTree = "<group>";
		};
/* End PBXGroup section */

/* Begin PBXNativeTarget section */
		7E4C3C1F1A30EDE70009A854 /* Napkin */ = {
			isa = PBXNativeTarget;
			buildConfigurationList = 7E4C3C3C1A30EDE70009A854 /* Build configuration list for PBXNativeTarget "Napkin" */;
			buildPhases = (
				7E4C3C1C1A30EDE70009A854 /* Sources */,
				7E4C3C1D1A30EDE70009A854 /* Frameworks */,
				7E4C3C1E1A30EDE70009A854 /* Resources */,
			);
			buildRules = (
			);
			dependencies = (
			);
			name = Napkin;
			productName = Napkin;
			productReference = 7E4C3C201A30EDE70009A854 /* Napkin.app */;
			productType = "com.apple.product-type.application";
		};
		7E4C3C311A30EDE70009A854 /* NapkinTests */ = {
			isa = PBXNativeTarget;
			buildConfigurationList = 7E4C3C3F1A30EDE70009A854 /* Build configuration list for PBXNativeTarget "NapkinTests" */;
			buildPhases = (
				7E4C3C2E1A30EDE70009A854 /* Sources */,
				7E4C3C2F1A30EDE70009A854 /* Frameworks */,
				7E4C3C301A30EDE70009A854 /* Resources */,
			);
			buildRules = (
			);
			dependencies = (
				7E4C3C341A30EDE70009A854 /* PBXTargetDependency */,
			);
			name = NapkinTests;
			productName = NapkinTests;
			productReference = 7E4C3C321A30EDE70009A854 /* NapkinTests.xctest */;
			productType = "com.apple.product-type.bundle.unit-test";
		};
/* End PBXNativeTarget section */

/* Begin PBXProject section */
		7E4C3C181A30EDE70009A854 /* Project object */ = {
			isa = PBXProject;
			attributes = {
				LastUpgradeCheck = 0610;
				ORGANIZATIONNAME = Playhaven;
				TargetAttributes = {
					7E4C3C1F1A30EDE70009A854 = {
						CreatedOnToolsVersion = 6.1;
					};
					7E4C3C311A30EDE70009A854 = {
						CreatedOnToolsVersion = 6.1;
						TestTargetID = 7E4C3C1F1A30EDE70009A854;
					};
				};
			};
			buildConfigurationList = 7E4C3C1B1A30EDE70009A854 /* Build configuration list for PBXProject "Napkin" */;
			compatibilityVersion = "Xcode 3.2";
			developmentRegion = English;
			hasScannedForEncodings = 0;
			knownRegions = (
				en,
				Base,
			);
			mainGroup = 7E4C3C171A30EDE70009A854;
			productRefGroup = 7E4C3C211A30EDE70009A854 /* Products */;
			projectDirPath = "";
			projectRoot = "";
			targets = (
				7E4C3C1F1A30EDE70009A854 /* Napkin */,
				7E4C3C311A30EDE70009A854 /* NapkinTests */,
			);
		};
/* End PBXProject section */

/* Begin PBXResourcesBuildPhase section */
		7E4C3C1E1A30EDE70009A854 /* Resources */ = {
			isa = PBXResourcesBuildPhase;
			buildActionMask = 2147483647;
			files = (
				7E4C3C2A1A30EDE70009A854 /* Images.xcassets in Resources */,
				7E4C3C2D1A30EDE70009A854 /* Main.storyboard in Resources */,
			);
			runOnlyForDeploymentPostprocessing = 0;
		};
		7E4C3C301A30EDE70009A854 /* Resources */ = {
			isa = PBXResourcesBuildPhase;
			buildActionMask = 2147483647;
			files = (
			);
			runOnlyForDeploymentPostprocessing = 0;
		};
/* End PBXResourcesBuildPhase section */

/* Begin PBXSourcesBuildPhase section */
		7E4C3C1C1A30EDE70009A854 /* Sources */ = {
			isa = PBXSourcesBuildPhase;
			buildActionMask = 2147483647;
			files = (
				7E4C3C281A30EDE70009A854 /* ViewController.swift in Sources */,
				7E9FF11F1AB211F80064FF5E /* UrlParser.swift in Sources */,
				7E4C3C261A30EDE70009A854 /* AppDelegate.swift in Sources */,
			);
			runOnlyForDeploymentPostprocessing = 0;
		};
		7E4C3C2E1A30EDE70009A854 /* Sources */ = {
			isa = PBXSourcesBuildPhase;
			buildActionMask = 2147483647;
			files = (
				7E9FF1201AB211F80064FF5E /* UrlParser.swift in Sources */,
				7E9FF1221AB213020064FF5E /* UrlParserTests.swift in Sources */,
				7E4C3C391A30EDE70009A854 /* NapkinTests.swift in Sources */,
			);
			runOnlyForDeploymentPostprocessing = 0;
		};
/* End PBXSourcesBuildPhase section */

/* Begin PBXTargetDependency section */
		7E4C3C341A30EDE70009A854 /* PBXTargetDependency */ = {
			isa = PBXTargetDependency;
			target = 7E4C3C1F1A30EDE70009A854 /* Napkin */;
			targetProxy = 7E4C3C331A30EDE70009A854 /* PBXContainerItemProxy */;
		};
/* End PBXTargetDependency section */

/* Begin PBXVariantGroup section */
		7E4C3C2B1A30EDE70009A854 /* Main.storyboard */ = {
			isa = PBXVariantGroup;
			children = (
				7E4C3C2C1A30EDE70009A854 /* Base */,
			);
			name = Main.storyboard;
			sourceTree = "<group>";
		};
/* End PBXVariantGroup section */

/* Begin XCBuildConfiguration section */
		7E4C3C3A1A30EDE70009A854 /* Debug */ = {
			isa = XCBuildConfiguration;
			buildSettings = {
				ALWAYS_SEARCH_USER_PATHS = NO;
				CLANG_CXX_LANGUAGE_STANDARD = "gnu++0x";
				CLANG_CXX_LIBRARY = "libc++";
				CLANG_ENABLE_MODULES = YES;
				CLANG_ENABLE_OBJC_ARC = YES;
				CLANG_WARN_BOOL_CONVERSION = YES;
				CLANG_WARN_CONSTANT_CONVERSION = YES;
				CLANG_WARN_DIRECT_OBJC_ISA_USAGE = YES_ERROR;
				CLANG_WARN_EMPTY_BODY = YES;
				CLANG_WARN_ENUM_CONVERSION = YES;
				CLANG_WARN_INT_CONVERSION = YES;
				CLANG_WARN_OBJC_ROOT_CLASS = YES_ERROR;
				CLANG_WARN_UNREACHABLE_CODE = YES;
				CLANG_WARN__DUPLICATE_METHOD_MATCH = YES;
				CODE_SIGN_IDENTITY = "-";
				COPY_PHASE_STRIP = NO;
				ENABLE_STRICT_OBJC_MSGSEND = YES;
				GCC_C_LANGUAGE_STANDARD = gnu99;
				GCC_DYNAMIC_NO_PIC = NO;
				GCC_OPTIMIZATION_LEVEL = 0;
				GCC_PREPROCESSOR_DEFINITIONS = (
					"DEBUG=1",
					"$(inherited)",
				);
				GCC_SYMBOLS_PRIVATE_EXTERN = NO;
				GCC_WARN_64_TO_32_BIT_CONVERSION = YES;
				GCC_WARN_ABOUT_RETURN_TYPE = YES_ERROR;
				GCC_WARN_UNDECLARED_SELECTOR = YES;
				GCC_WARN_UNINITIALIZED_AUTOS = YES_AGGRESSIVE;
				GCC_WARN_UNUSED_FUNCTION = YES;
				GCC_WARN_UNUSED_VARIABLE = YES;
				MACOSX_DEPLOYMENT_TARGET = 10.10;
				MTL_ENABLE_DEBUG_INFO = YES;
				ONLY_ACTIVE_ARCH = YES;
				SDKROOT = macosx;
				SWIFT_OPTIMIZATION_LEVEL = "-Onone";
			};
			name = Debug;
		};
		7E4C3C3B1A30EDE70009A854 /* Release */ = {
			isa = XCBuildConfiguration;
			buildSettings = {
				ALWAYS_SEARCH_USER_PATHS = NO;
				CLANG_CXX_LANGUAGE_STANDARD = "gnu++0x";
				CLANG_CXX_LIBRARY = "libc++";
				CLANG_ENABLE_MODULES = YES;
				CLANG_ENABLE_OBJC_ARC = YES;
				CLANG_WARN_BOOL_CONVERSION = YES;
				CLANG_WARN_CONSTANT_CONVERSION = YES;
				CLANG_WARN_DIRECT_OBJC_ISA_USAGE = YES_ERROR;
				CLANG_WARN_EMPTY_BODY = YES;
				CLANG_WARN_ENUM_CONVERSION = YES;
				CLANG_WARN_INT_CONVERSION = YES;
				CLANG_WARN_OBJC_ROOT_CLASS = YES_ERROR;
				CLANG_WARN_UNREACHABLE_CODE = YES;
				CLANG_WARN__DUPLICATE_METHOD_MATCH = YES;
				CODE_SIGN_IDENTITY = "-";
				COPY_PHASE_STRIP = YES;
				DEBUG_INFORMATION_FORMAT = "dwarf-with-dsym";
				ENABLE_NS_ASSERTIONS = NO;
				ENABLE_STRICT_OBJC_MSGSEND = YES;
				GCC_C_LANGUAGE_STANDARD = gnu99;
				GCC_WARN_64_TO_32_BIT_CONVERSION = YES;
				GCC_WARN_ABOUT_RETURN_TYPE = YES_ERROR;
				GCC_WARN_UNDECLARED_SELECTOR = YES;
				GCC_WARN_UNINITIALIZED_AUTOS = YES_AGGRESSIVE;
				GCC_WARN_UNUSED_FUNCTION = YES;
				GCC_WARN_UNUSED_VARIABLE = YES;
				MACOSX_DEPLOYMENT_TARGET = 10.10;
				MTL_ENABLE_DEBUG_INFO = NO;
				SDKROOT = macosx;
			};
			name = Release;
		};
		7E4C3C3D1A30EDE70009A854 /* Debug */ = {
			isa = XCBuildConfiguration;
			buildSettings = {
				ASSETCATALOG_COMPILER_APPICON_NAME = AppIcon;
				COMBINE_HIDPI_IMAGES = YES;
				INFOPLIST_FILE = Napkin/Info.plist;
				LD_RUNPATH_SEARCH_PATHS = "$(inherited) @executable_path/../Frameworks";
				PRODUCT_NAME = "$(TARGET_NAME)";
			};
			name = Debug;
		};
		7E4C3C3E1A30EDE70009A854 /* Release */ = {
			isa = XCBuildConfiguration;
			buildSettings = {
				ASSETCATALOG_COMPILER_APPICON_NAME = AppIcon;
				COMBINE_HIDPI_IMAGES = YES;
				INFOPLIST_FILE = Napkin/Info.plist;
				LD_RUNPATH_SEARCH_PATHS = "$(inherited) @executable_path/../Frameworks";
				PRODUCT_NAME = "$(TARGET_NAME)";
			};
			name = Release;
		};
		7E4C3C401A30EDE70009A854 /* Debug */ = {
			isa = XCBuildConfiguration;
			buildSettings = {
				BUNDLE_LOADER = "$(TEST_HOST)";
				COMBINE_HIDPI_IMAGES = YES;
				FRAMEWORK_SEARCH_PATHS = (
					"$(DEVELOPER_FRAMEWORKS_DIR)",
					"$(inherited)",
				);
				GCC_PREPROCESSOR_DEFINITIONS = (
					"DEBUG=1",
					"$(inherited)",
				);
				INFOPLIST_FILE = NapkinTests/Info.plist;
				LD_RUNPATH_SEARCH_PATHS = "$(inherited) @executable_path/../Frameworks @loader_path/../Frameworks";
				PRODUCT_NAME = "$(TARGET_NAME)";
				TEST_HOST = "$(BUILT_PRODUCTS_DIR)/Napkin.app/Contents/MacOS/Napkin";
			};
			name = Debug;
		};
		7E4C3C411A30EDE70009A854 /* Release */ = {
			isa = XCBuildConfiguration;
			buildSettings = {
				BUNDLE_LOADER = "$(TEST_HOST)";
				COMBINE_HIDPI_IMAGES = YES;
				FRAMEWORK_SEARCH_PATHS = (
					"$(DEVELOPER_FRAMEWORKS_DIR)",
					"$(inherited)",
				);
				INFOPLIST_FILE = NapkinTests/Info.plist;
				LD_RUNPATH_SEARCH_PATHS = "$(inherited) @executable_path/../Frameworks @loader_path/../Frameworks";
				PRODUCT_NAME = "$(TARGET_NAME)";
				TEST_HOST = "$(BUILT_PRODUCTS_DIR)/Napkin.app/Contents/MacOS/Napkin";
			};
			name = Release;
		};
/* End XCBuildConfiguration section */

/* Begin XCConfigurationList section */
		7E4C3C1B1A30EDE70009A854 /* Build configuration list for PBXProject "Napkin" */ = {
			isa = XCConfigurationList;
			buildConfigurations = (
				7E4C3C3A1A30EDE70009A854 /* Debug */,
				7E4C3C3B1A30EDE70009A854 /* Release */,
			);
			defaultConfigurationIsVisible = 0;
			defaultConfigurationName = Release;
		};
		7E4C3C3C1A30EDE70009A854 /* Build configuration list for PBXNativeTarget "Napkin" */ = {
			isa = XCConfigurationList;
			buildConfigurations = (
				7E4C3C3D1A30EDE70009A854 /* Debug */,
				7E4C3C3E1A30EDE70009A854 /* Release */,
			);
			defaultConfigurationIsVisible = 0;
			defaultConfigurationName = Release;
		};
		7E4C3C3F1A30EDE70009A854 /* Build configuration list for PBXNativeTarget "NapkinTests" */ = {
			isa = XCConfigurationList;
			buildConfigurations = (
				7E4C3C401A30EDE70009A854 /* Debug */,
				7E4C3C411A30EDE70009A854 /* Release */,
			);
			defaultConfigurationIsVisible = 0;
			defaultConfigurationName = Release;
		};
/* End XCConfigurationList section */
	};
	rootObject = 7E4C3C181A30EDE70009A854 /* Project object */;
}
